<Solution>
  <Folder Name="/src/">
    <Project Path="src/Nexus.Api/Nexus.Api.csproj" />
    <Project Path="src/Nexus.Application/Nexus.Application.csproj" />
    <Project Path="src/Nexus.Domain/Nexus.Domain.csproj" />
    <Project Path="src/Nexus.Infrastructure/Nexus.Infrastructure.csproj" />
  </Folder>
  <Folder Name="/tests/">
    <Project Path="tests/Nexus.Application.Tests/Nexus.Application.Tests.csproj" />
    <Project Path="tests/Nexus.Domain.Tests/Nexus.Domain.Tests.csproj" />
  </Folder>
</Solution>
